
Microsoft Visual Studio Solution File, Format Version 12.00
# Visual Studio Version 17
VisualStudioVersion = 17.0.32112.339
MinimumVisualStudioVersion = 10.0.40219.1
Project("{9A19103F-16F7-4668-BE54-9A1E7A4F7556}") = "Shopping.Server", "Shopping\Server\Shopping.Server.csproj", "{0A8D3FDF-EAB1-46FC-917D-A9389A4A40F3}"
EndProject
Project("{9A19103F-16F7-4668-BE54-9A1E7A4F7556}") = "Shopping.Client", "Shopping\Client\Shopping.Client.csproj", "{7889B079-B6CA-42E3-8804-FAC1DF090EE4}"
EndProject
Project("{9A19103F-16F7-4668-BE54-9A1E7A4F7556}") = "Shopping.Shared", "Shopping\Shared\Shopping.Shared.csproj", "{F1D666CC-AD5E-4517-A77D-9C967D0C9557}"
EndProject
Project("{9A19103F-16F7-4668-BE54-9A1E7A4F7556}") = "Shopping", "Shopping\Shopping\Shopping.csproj", "{ECDE5CB0-10AA-400F-AA26-6440AF5A31C2}"
EndProject
Project("{9A19103F-16F7-4668-BE54-9A1E7A4F7556}") = "Shopping.SpecFlow", "Shopping.SpecFlow\Shopping.SpecFlow.csproj", "{2F3BF34F-F36E-477B-8908-1FA8153F2EDD}"
EndProject
Project("{E53339B2-1760-4266-BCC7-CA923CBCF16C}") = "docker-compose", "docker-compose.dcproj", "{FCF0B05F-CEFD-436E-B950-6935337589AB}"
EndProject
Global
	GlobalSection(SolutionConfigurationPlatforms) = preSolution
		Debug|Any CPU = Debug|Any CPU
		Release|Any CPU = Release|Any CPU
	EndGlobalSection
	GlobalSection(ProjectConfigurationPlatforms) = postSolution
		{0A8D3FDF-EAB1-46FC-917D-A9389A4A40F3}.Debug|Any CPU.ActiveCfg = Debug|Any CPU
		{0A8D3FDF-EAB1-46FC-917D-A9389A4A40F3}.Debug|Any CPU.Build.0 = Debug|Any CPU
		{0A8D3FDF-EAB1-46FC-917D-A9389A4A40F3}.Release|Any CPU.ActiveCfg = Release|Any CPU
		{0A8D3FDF-EAB1-46FC-917D-A9389A4A40F3}.Release|Any CPU.Build.0 = Release|Any CPU
		{7889B079-B6CA-42E3-8804-FAC1DF090EE4}.Debug|Any CPU.ActiveCfg = Debug|Any CPU
		{7889B079-B6CA-42E3-8804-FAC1DF090EE4}.Debug|Any CPU.Build.0 = Debug|Any CPU
		{7889B079-B6CA-42E3-8804-FAC1DF090EE4}.Release|Any CPU.ActiveCfg = Release|Any CPU
		{7889B079-B6CA-42E3-8804-FAC1DF090EE4}.Release|Any CPU.Build.0 = Release|Any CPU
		{F1D666CC-AD5E-4517-A77D-9C967D0C9557}.Debug|Any CPU.ActiveCfg = Debug|Any CPU
		{F1D666CC-AD5E-4517-A77D-9C967D0C9557}.Debug|Any CPU.Build.0 = Debug|Any CPU
		{F1D666CC-AD5E-4517-A77D-9C967D0C9557}.Release|Any CPU.ActiveCfg = Release|Any CPU
		{F1D666CC-AD5E-4517-A77D-9C967D0C9557}.Release|Any CPU.Build.0 = Release|Any CPU
		{ECDE5CB0-10AA-400F-AA26-6440AF5A31C2}.Debug|Any CPU.ActiveCfg = Debug|Any CPU
		{ECDE5CB0-10AA-400F-AA26-6440AF5A31C2}.Debug|Any CPU.Build.0 = Debug|Any CPU
		{ECDE5CB0-10AA-400F-AA26-6440AF5A31C2}.Release|Any CPU.ActiveCfg = Release|Any CPU
		{ECDE5CB0-10AA-400F-AA26-6440AF5A31C2}.Release|Any CPU.Build.0 = Release|Any CPU
		{2F3BF34F-F36E-477B-8908-1FA8153F2EDD}.Debug|Any CPU.ActiveCfg = Debug|Any CPU
		{2F3BF34F-F36E-477B-8908-1FA8153F2EDD}.Debug|Any CPU.Build.0 = Debug|Any CPU
		{2F3BF34F-F36E-477B-8908-1FA8153F2EDD}.Release|Any CPU.ActiveCfg = Release|Any CPU
		{2F3BF34F-F36E-477B-8908-1FA8153F2EDD}.Release|Any CPU.Build.0 = Release|Any CPU
		{FCF0B05F-CEFD-436E-B950-6935337589AB}.Debug|Any CPU.ActiveCfg = Debug|Any CPU
		{FCF0B05F-CEFD-436E-B950-6935337589AB}.Debug|Any CPU.Build.0 = Debug|Any CPU
		{FCF0B05F-CEFD-436E-B950-6935337589AB}.Release|Any CPU.ActiveCfg = Release|Any CPU
		{FCF0B05F-CEFD-436E-B950-6935337589AB}.Release|Any CPU.Build.0 = Release|Any CPU
	EndGlobalSection
	GlobalSection(SolutionProperties) = preSolution
		HideSolutionNode = FALSE
	EndGlobalSection
	GlobalSection(ExtensibilityGlobals) = postSolution
		SolutionGuid = {8941E916-39C0-44F9-A1D3-04E47CFB42FA}
	EndGlobalSection
EndGlobal
